// !$*UTF8*$!
{
	archiveVersion = 1;
	classes = {
	};
	objectVersion = 46;
	objects = {

/* Begin PBXBuildFile section */
		5A056AD61EC395E9004326E0 /* AppDelegate.swift in Sources */ = {isa = PBXBuildFile; fileRef = 5A056AD51EC395E9004326E0 /* AppDelegate.swift */; };
		5A056AD81EC395E9004326E0 /* HomeController.swift in Sources */ = {isa = PBXBuildFile; fileRef = 5A056AD71EC395E9004326E0 /* HomeController.swift */; };
		5A056AE01EC395E9004326E0 /* LaunchScreen.storyboard in Resources */ = {isa = PBXBuildFile; fileRef = 5A056ADE1EC395E9004326E0 /* LaunchScreen.storyboard */; };
		5A2014421EC6400000F2F240 /* Video.swift in Sources */ = {isa = PBXBuildFile; fileRef = 5A2014411EC6400000F2F240 /* Video.swift */; };
		5A2014441EC643E100F2F240 /* Channel.swift in Sources */ = {isa = PBXBuildFile; fileRef = 5A2014431EC643E100F2F240 /* Channel.swift */; };
		5A697CE31EC4E77C00F3AE24 /* MenuBar.swift in Sources */ = {isa = PBXBuildFile; fileRef = 5A697CE21EC4E77C00F3AE24 /* MenuBar.swift */; };
		5A697CE71EC4F08C00F3AE24 /* MenuCell.swift in Sources */ = {isa = PBXBuildFile; fileRef = 5A697CE61EC4F08C00F3AE24 /* MenuCell.swift */; };
		5A697CE91EC4F15F00F3AE24 /* BaseCell.swift in Sources */ = {isa = PBXBuildFile; fileRef = 5A697CE81EC4F15F00F3AE24 /* BaseCell.swift */; };
		5AC2AC611EC8D92C00CBDF38 /* SettingsLauncher.swift in Sources */ = {isa = PBXBuildFile; fileRef = 5AC2AC601EC8D92C00CBDF38 /* SettingsLauncher.swift */; };
		5AC2AC631EC8E3D500CBDF38 /* SettingCell.swift in Sources */ = {isa = PBXBuildFile; fileRef = 5AC2AC621EC8E3D500CBDF38 /* SettingCell.swift */; };
		5AC2AC651EC8EAF500CBDF38 /* Assets.xcassets in Resources */ = {isa = PBXBuildFile; fileRef = 5AC2AC641EC8EAF500CBDF38 /* Assets.xcassets */; };
		5AC2AC671EC8EBDC00CBDF38 /* Setting.swift in Sources */ = {isa = PBXBuildFile; fileRef = 5AC2AC661EC8EBDC00CBDF38 /* Setting.swift */; };
		5AC2AC6A1EC90FD200CBDF38 /* ApiService.swift in Sources */ = {isa = PBXBuildFile; fileRef = 5AC2AC691EC90FD200CBDF38 /* ApiService.swift */; };
		5AD3BE401EC484150071AF69 /* Extensions.swift in Sources */ = {isa = PBXBuildFile; fileRef = 5AD3BE3F1EC484150071AF69 /* Extensions.swift */; };
		5AD3BE431EC485250071AF69 /* VideoCell.swift in Sources */ = {isa = PBXBuildFile; fileRef = 5AD3BE421EC485250071AF69 /* VideoCell.swift */; };
/* End PBXBuildFile section */

/* Begin PBXFileReference section */
		5A056AD21EC395E9004326E0 /* Youtube.app */ = {isa = PBXFileReference; explicitFileType = wrapper.application; includeInIndex = 0; path = Youtube.app; sourceTree = BUILT_PRODUCTS_DIR; };
		5A056AD51EC395E9004326E0 /* AppDelegate.swift */ = {isa = PBXFileReference; lastKnownFileType = sourcecode.swift; path = AppDelegate.swift; sourceTree = "<group>"; };
		5A056AD71EC395E9004326E0 /* HomeController.swift */ = {isa = PBXFileReference; lastKnownFileType = sourcecode.swift; path = HomeController.swift; sourceTree = "<group>"; };
		5A056ADF1EC395E9004326E0 /* Base */ = {isa = PBXFileReference; lastKnownFileType = file.storyboard; name = Base; path = Base.lproj/LaunchScreen.storyboard; sourceTree = "<group>"; };
		5A056AE11EC395E9004326E0 /* Info.plist */ = {isa = PBXFileReference; lastKnownFileType = text.plist.xml; path = Info.plist; sourceTree = "<group>"; };
		5A2014411EC6400000F2F240 /* Video.swift */ = {isa = PBXFileReference; fileEncoding = 4; lastKnownFileType = sourcecode.swift; path = Video.swift; sourceTree = "<group>"; };
		5A2014431EC643E100F2F240 /* Channel.swift */ = {isa = PBXFileReference; fileEncoding = 4; lastKnownFileType = sourcecode.swift; path = Channel.swift; sourceTree = "<group>"; };
		5A697CE21EC4E77C00F3AE24 /* MenuBar.swift */ = {isa = PBXFileReference; fileEncoding = 4; lastKnownFileType = sourcecode.swift; path = MenuBar.swift; sourceTree = "<group>"; };
		5A697CE61EC4F08C00F3AE24 /* MenuCell.swift */ = {isa = PBXFileReference; fileEncoding = 4; lastKnownFileType = sourcecode.swift; path = MenuCell.swift; sourceTree = "<group>"; };
		5A697CE81EC4F15F00F3AE24 /* BaseCell.swift */ = {isa = PBXFileReference; fileEncoding = 4; lastKnownFileType = sourcecode.swift; path = BaseCell.swift; sourceTree = "<group>"; };
		5AC2AC601EC8D92C00CBDF38 /* SettingsLauncher.swift */ = {isa = PBXFileReference; fileEncoding = 4; lastKnownFileType = sourcecode.swift; path = SettingsLauncher.swift; sourceTree = "<group>"; };
		5AC2AC621EC8E3D500CBDF38 /* SettingCell.swift */ = {isa = PBXFileReference; fileEncoding = 4; lastKnownFileType = sourcecode.swift; path = SettingCell.swift; sourceTree = "<group>"; };
		5AC2AC641EC8EAF500CBDF38 /* Assets.xcassets */ = {isa = PBXFileReference; lastKnownFileType = folder.assetcatalog; path = Assets.xcassets; sourceTree = "<group>"; };
		5AC2AC661EC8EBDC00CBDF38 /* Setting.swift */ = {isa = PBXFileReference; fileEncoding = 4; lastKnownFileType = sourcecode.swift; path = Setting.swift; sourceTree = "<group>"; };
		5AC2AC691EC90FD200CBDF38 /* ApiService.swift */ = {isa = PBXFileReference; fileEncoding = 4; lastKnownFileType = sourcecode.swift; path = ApiService.swift; sourceTree = "<group>"; };
		5AD3BE3F1EC484150071AF69 /* Extensions.swift */ = {isa = PBXFileReference; fileEncoding = 4; lastKnownFileType = sourcecode.swift; path = Extensions.swift; sourceTree = "<group>"; };
		5AD3BE421EC485250071AF69 /* VideoCell.swift */ = {isa = PBXFileReference; fileEncoding = 4; lastKnownFileType = sourcecode.swift; path = VideoCell.swift; sourceTree = "<group>"; };
/* End PBXFileReference section */

/* Begin PBXFrameworksBuildPhase section */
		5A056ACF1EC395E9004326E0 /* Frameworks */ = {
			isa = PBXFrameworksBuildPhase;
			buildActionMask = 2147483647;
			files = (
			);
			runOnlyForDeploymentPostprocessing = 0;
		};
/* End PBXFrameworksBuildPhase section */

/* Begin PBXGroup section */
		5A056AC91EC395E9004326E0 = {
			isa = PBXGroup;
			children = (
				5A056AD41EC395E9004326E0 /* Youtube */,
				5A056AD31EC395E9004326E0 /* Products */,
			);
			sourceTree = "<group>";
		};
		5A056AD31EC395E9004326E0 /* Products */ = {
			isa = PBXGroup;
			children = (
				5A056AD21EC395E9004326E0 /* Youtube.app */,
			);
			name = Products;
			sourceTree = "<group>";
		};
		5A056AD41EC395E9004326E0 /* Youtube */ = {
			isa = PBXGroup;
			children = (
				5AC2AC681EC90FBC00CBDF38 /* ApiService */,
				5A2014401EC6372000F2F240 /* Model */,
				5AD3BE441EC4855E0071AF69 /* Controller */,
				5AD3BE411EC484770071AF69 /* View */,
				5AD3BE3E1EC484030071AF69 /* Helpers */,
				5A056AD51EC395E9004326E0 /* AppDelegate.swift */,
				5AC2AC641EC8EAF500CBDF38 /* Assets.xcassets */,
				5A056ADE1EC395E9004326E0 /* LaunchScreen.storyboard */,
				5A056AE11EC395E9004326E0 /* Info.plist */,
			);
			path = Youtube;
			sourceTree = "<group>";
		};
		5A2014401EC6372000F2F240 /* Model */ = {
			isa = PBXGroup;
			children = (
				5A2014411EC6400000F2F240 /* Video.swift */,
				5A2014431EC643E100F2F240 /* Channel.swift */,
				5AC2AC661EC8EBDC00CBDF38 /* Setting.swift */,
			);
			name = Model;
			sourceTree = "<group>";
		};
		5AC2AC681EC90FBC00CBDF38 /* ApiService */ = {
			isa = PBXGroup;
			children = (
				5AC2AC691EC90FD200CBDF38 /* ApiService.swift */,
			);
			name = ApiService;
			sourceTree = "<group>";
		};
		5AD3BE3E1EC484030071AF69 /* Helpers */ = {
			isa = PBXGroup;
			children = (
				5AD3BE3F1EC484150071AF69 /* Extensions.swift */,
			);
			name = Helpers;
			sourceTree = "<group>";
		};
		5AD3BE411EC484770071AF69 /* View */ = {
			isa = PBXGroup;
			children = (
				5AD3BE421EC485250071AF69 /* VideoCell.swift */,
				5A697CE21EC4E77C00F3AE24 /* MenuBar.swift */,
				5A697CE61EC4F08C00F3AE24 /* MenuCell.swift */,
				5AC2AC621EC8E3D500CBDF38 /* SettingCell.swift */,
				5A697CE81EC4F15F00F3AE24 /* BaseCell.swift */,
			);
			name = View;
			sourceTree = "<group>";
		};
		5AD3BE441EC4855E0071AF69 /* Controller */ = {
			isa = PBXGroup;
			children = (
				5A056AD71EC395E9004326E0 /* HomeController.swift */,
				5AC2AC601EC8D92C00CBDF38 /* SettingsLauncher.swift */,
			);
			name = Controller;
			sourceTree = "<group>";
		};
/* End PBXGroup section */

/* Begin PBXNativeTarget section */
		5A056AD11EC395E9004326E0 /* Youtube */ = {
			isa = PBXNativeTarget;
			buildConfigurationList = 5A056AE41EC395E9004326E0 /* Build configuration list for PBXNativeTarget "Youtube" */;
			buildPhases = (
				5A056ACE1EC395E9004326E0 /* Sources */,
				5A056ACF1EC395E9004326E0 /* Frameworks */,
				5A056AD01EC395E9004326E0 /* Resources */,
			);
			buildRules = (
			);
			dependencies = (
			);
			name = Youtube;
			productName = Youtube;
			productReference = 5A056AD21EC395E9004326E0 /* Youtube.app */;
			productType = "com.apple.product-type.application";
		};
/* End PBXNativeTarget section */

/* Begin PBXProject section */
		5A056ACA1EC395E9004326E0 /* Project object */ = {
			isa = PBXProject;
			attributes = {
				LastSwiftUpdateCheck = 0830;
				LastUpgradeCheck = 0830;
				ORGANIZATIONNAME = "Christopher Paterson";
				TargetAttributes = {
					5A056AD11EC395E9004326E0 = {
						CreatedOnToolsVersion = 8.3.2;
						DevelopmentTeam = R8W4J98NNX;
						ProvisioningStyle = Automatic;
					};
				};
			};
			buildConfigurationList = 5A056ACD1EC395E9004326E0 /* Build configuration list for PBXProject "Youtube" */;
			compatibilityVersion = "Xcode 3.2";
			developmentRegion = English;
			hasScannedForEncodings = 0;
			knownRegions = (
				en,
				Base,
			);
			mainGroup = 5A056AC91EC395E9004326E0;
			productRefGroup = 5A056AD31EC395E9004326E0 /* Products */;
			projectDirPath = "";
			projectRoot = "";
			targets = (
				5A056AD11EC395E9004326E0 /* Youtube */,
			);
		};
/* End PBXProject section */

/* Begin PBXResourcesBuildPhase section */
		5A056AD01EC395E9004326E0 /* Resources */ = {
			isa = PBXResourcesBuildPhase;
			buildActionMask = 2147483647;
			files = (
				5AC2AC651EC8EAF500CBDF38 /* Assets.xcassets in Resources */,
				5A056AE01EC395E9004326E0 /* LaunchScreen.storyboard in Resources */,
			);
			runOnlyForDeploymentPostprocessing = 0;
		};
/* End PBXResourcesBuildPhase section */

/* Begin PBXSourcesBuildPhase section */
		5A056ACE1EC395E9004326E0 /* Sources */ = {
			isa = PBXSourcesBuildPhase;
			buildActionMask = 2147483647;
			files = (
				5A056AD81EC395E9004326E0 /* HomeController.swift in Sources */,
				5AD3BE431EC485250071AF69 /* VideoCell.swift in Sources */,
				5AC2AC671EC8EBDC00CBDF38 /* Setting.swift in Sources */,
				5A697CE71EC4F08C00F3AE24 /* MenuCell.swift in Sources */,
				5AD3BE401EC484150071AF69 /* Extensions.swift in Sources */,
				5AC2AC631EC8E3D500CBDF38 /* SettingCell.swift in Sources */,
				5A697CE91EC4F15F00F3AE24 /* BaseCell.swift in Sources */,
				5AC2AC6A1EC90FD200CBDF38 /* ApiService.swift in Sources */,
				5A2014421EC6400000F2F240 /* Video.swift in Sources */,
				5AC2AC611EC8D92C00CBDF38 /* SettingsLauncher.swift in Sources */,
				5A056AD61EC395E9004326E0 /* AppDelegate.swift in Sources */,
				5A2014441EC643E100F2F240 /* Channel.swift in Sources */,
				5A697CE31EC4E77C00F3AE24 /* MenuBar.swift in Sources */,
			);
			runOnlyForDeploymentPostprocessing = 0;
		};
/* End PBXSourcesBuildPhase section */

/* Begin PBXVariantGroup section */
		5A056ADE1EC395E9004326E0 /* LaunchScreen.storyboard */ = {
			isa = PBXVariantGroup;
			children = (
				5A056ADF1EC395E9004326E0 /* Base */,
			);
			name = LaunchScreen.storyboard;
			sourceTree = "<group>";
		};
/* End PBXVariantGroup section */

/* Begin XCBuildConfiguration section */
		5A056AE21EC395E9004326E0 /* Debug */ = {
			isa = XCBuildConfiguration;
			buildSettings = {
				ALWAYS_SEARCH_USER_PATHS = NO;
				CLANG_ANALYZER_NONNULL = YES;
				CLANG_ANALYZER_NUMBER_OBJECT_CONVERSION = YES_AGGRESSIVE;
				CLANG_CXX_LANGUAGE_STANDARD = "gnu++0x";
				CLANG_CXX_LIBRARY = "libc++";
				CLANG_ENABLE_MODULES = YES;
				CLANG_ENABLE_OBJC_ARC = YES;
				CLANG_WARN_BOOL_CONVERSION = YES;
				CLANG_WARN_CONSTANT_CONVERSION = YES;
				CLANG_WARN_DIRECT_OBJC_ISA_USAGE = YES_ERROR;
				CLANG_WARN_DOCUMENTATION_COMMENTS = YES;
				CLANG_WARN_EMPTY_BODY = YES;
				CLANG_WARN_ENUM_CONVERSION = YES;
				CLANG_WARN_INFINITE_RECURSION = YES;
				CLANG_WARN_INT_CONVERSION = YES;
				CLANG_WARN_OBJC_ROOT_CLASS = YES_ERROR;
				CLANG_WARN_SUSPICIOUS_MOVE = YES;
				CLANG_WARN_UNREACHABLE_CODE = YES;
				CLANG_WARN__DUPLICATE_METHOD_MATCH = YES;
				"CODE_SIGN_IDENTITY[sdk=iphoneos*]" = "iPhone Developer";
				COPY_PHASE_STRIP = NO;
				DEBUG_INFORMATION_FORMAT = dwarf;
				ENABLE_STRICT_OBJC_MSGSEND = YES;
				ENABLE_TESTABILITY = YES;
				GCC_C_LANGUAGE_STANDARD = gnu99;
				GCC_DYNAMIC_NO_PIC = NO;
				GCC_NO_COMMON_BLOCKS = YES;
				GCC_OPTIMIZATION_LEVEL = 0;
				GCC_PREPROCESSOR_DEFINITIONS = (
					"DEBUG=1",
					"$(inherited)",
				);
				GCC_WARN_64_TO_32_BIT_CONVERSION = YES;
				GCC_WARN_ABOUT_RETURN_TYPE = YES_ERROR;
				GCC_WARN_UNDECLARED_SELECTOR = YES;
				GCC_WARN_UNINITIALIZED_AUTOS = YES_AGGRESSIVE;
				GCC_WARN_UNUSED_FUNCTION = YES;
				GCC_WARN_UNUSED_VARIABLE = YES;
				IPHONEOS_DEPLOYMENT_TARGET = 10.3;
				MTL_ENABLE_DEBUG_INFO = YES;
				ONLY_ACTIVE_ARCH = YES;
				SDKROOT = iphoneos;
				SWIFT_ACTIVE_COMPILATION_CONDITIONS = DEBUG;
				SWIFT_OPTIMIZATION_LEVEL = "-Onone";
				TARGETED_DEVICE_FAMILY = "1,2";
			};
			name = Debug;
		};
		5A056AE31EC395E9004326E0 /* Release */ = {
			isa = XCBuildConfiguration;
			buildSettings = {
				ALWAYS_SEARCH_USER_PATHS = NO;
				CLANG_ANALYZER_NONNULL = YES;
				CLANG_ANALYZER_NUMBER_OBJECT_CONVERSION = YES_AGGRESSIVE;
				CLANG_CXX_LANGUAGE_STANDARD = "gnu++0x";
				CLANG_CXX_LIBRARY = "libc++";
				CLANG_ENABLE_MODULES = YES;
				CLANG_ENABLE_OBJC_ARC = YES;
				CLANG_WARN_BOOL_CONVERSION = YES;
				CLANG_WARN_CONSTANT_CONVERSION = YES;
				CLANG_WARN_DIRECT_OBJC_ISA_USAGE = YES_ERROR;
				CLANG_WARN_DOCUMENTATION_COMMENTS = YES;
				CLANG_WARN_EMPTY_BODY = YES;
				CLANG_WARN_ENUM_CONVERSION = YES;
				CLANG_WARN_INFINITE_RECURSION = YES;
				CLANG_WARN_INT_CONVERSION = YES;
				CLANG_WARN_OBJC_ROOT_CLASS = YES_ERROR;
				CLANG_WARN_SUSPICIOUS_MOVE = YES;
				CLANG_WARN_UNREACHABLE_CODE = YES;
				CLANG_WARN__DUPLICATE_METHOD_MATCH = YES;
				"CODE_SIGN_IDENTITY[sdk=iphoneos*]" = "iPhone Developer";
				COPY_PHASE_STRIP = NO;
				DEBUG_INFORMATION_FORMAT = "dwarf-with-dsym";
				ENABLE_NS_ASSERTIONS = NO;
				ENABLE_STRICT_OBJC_MSGSEND = YES;
				GCC_C_LANGUAGE_STANDARD = gnu99;
				GCC_NO_COMMON_BLOCKS = YES;
				GCC_WARN_64_TO_32_BIT_CONVERSION = YES;
				GCC_WARN_ABOUT_RETURN_TYPE = YES_ERROR;
				GCC_WARN_UNDECLARED_SELECTOR = YES;
				GCC_WARN_UNINITIALIZED_AUTOS = YES_AGGRESSIVE;
				GCC_WARN_UNUSED_FUNCTION = YES;
				GCC_WARN_UNUSED_VARIABLE = YES;
				IPHONEOS_DEPLOYMENT_TARGET = 10.3;
				MTL_ENABLE_DEBUG_INFO = NO;
				SDKROOT = iphoneos;
				SWIFT_OPTIMIZATION_LEVEL = "-Owholemodule";
				TARGETED_DEVICE_FAMILY = "1,2";
				VALIDATE_PRODUCT = YES;
			};
			name = Release;
		};
		5A056AE51EC395E9004326E0 /* Debug */ = {
			isa = XCBuildConfiguration;
			buildSettings = {
				ASSETCATALOG_COMPILER_APPICON_NAME = AppIcon;
				DEVELOPMENT_TEAM = R8W4J98NNX;
				INFOPLIST_FILE = Youtube/Info.plist;
				LD_RUNPATH_SEARCH_PATHS = "$(inherited) @executable_path/Frameworks";
				PRODUCT_BUNDLE_IDENTIFIER = bitbucket.org.Team14Alacrity.Youtube;
				PRODUCT_NAME = "$(TARGET_NAME)";
				SWIFT_VERSION = 3.0;
			};
			name = Debug;
		};
		5A056AE61EC395E9004326E0 /* Release */ = {
			isa = XCBuildConfiguration;
			buildSettings = {
				ASSETCATALOG_COMPILER_APPICON_NAME = AppIcon;
				DEVELOPMENT_TEAM = R8W4J98NNX;
				INFOPLIST_FILE = Youtube/Info.plist;
				LD_RUNPATH_SEARCH_PATHS = "$(inherited) @executable_path/Frameworks";
				PRODUCT_BUNDLE_IDENTIFIER = bitbucket.org.Team14Alacrity.Youtube;
				PRODUCT_NAME = "$(TARGET_NAME)";
				SWIFT_VERSION = 3.0;
			};
			name = Release;
		};
/* End XCBuildConfiguration section */

/* Begin XCConfigurationList section */
		5A056ACD1EC395E9004326E0 /* Build configuration list for PBXProject "Youtube" */ = {
			isa = XCConfigurationList;
			buildConfigurations = (
				5A056AE21EC395E9004326E0 /* Debug */,
				5A056AE31EC395E9004326E0 /* Release */,
			);
			defaultConfigurationIsVisible = 0;
			defaultConfigurationName = Release;
		};
		5A056AE41EC395E9004326E0 /* Build configuration list for PBXNativeTarget "Youtube" */ = {
			isa = XCConfigurationList;
			buildConfigurations = (
				5A056AE51EC395E9004326E0 /* Debug */,
				5A056AE61EC395E9004326E0 /* Release */,
			);
			defaultConfigurationIsVisible = 0;
			defaultConfigurationName = Release;
		};
/* End XCConfigurationList section */
	};
	rootObject = 5A056ACA1EC395E9004326E0 /* Project object */;
}
